github.com/Koustubha-naik/hugo-theme-sangai v0.0.0-20260714021239-256a69c57d2f h1:AVVlnDpYl7zhKXRhAb2iDeCjCBDBbIgx2Juugj1LcSc=
github.com/Koustubha-naik/hugo-theme-sangai v0.0.0-20260714021239-256a69c57d2f/go.mod h1:mWyD3Gx2VHxdZANyO75JXBtC/jehi9HkKufn39WQ6J8=
github.com/Koustubha-naik/hugo-theme-sangai v0.0.0-20260714042941-0425a402c5f4 h1:0Y86RJTQjZcqMcHDJcSgkkBfPXxo2PT1fnPZ2+OX/1k=
github.com/Koustubha-naik/hugo-theme-sangai v0.0.0-20260714042941-0425a402c5f4/go.mod h1:mWyD3Gx2VHxdZANyO75JXBtC/jehi9HkKufn39WQ6J8=
github.com/Koustubha-naik/hugo-theme-sangai v0.0.0-20260714121049-c4acdebd7384 h1:+M1uFLkgygHTFYnCyPF0RPC7IFH1apK120Y+lYHjMGY=
github.com/Koustubha-naik/hugo-theme-sangai v0.0.0-20260714121049-c4acdebd7384/go.mod h1:mWyD3Gx2VHxdZANyO75JXBtC/jehi9HkKufn39WQ6J8=
